
Microsoft Visual Studio Solution File, Format Version 12.00
# Visual Studio Version 17
VisualStudioVersion = 17.4.33110.190
MinimumVisualStudioVersion = 10.0.40219.1
Project("{FAE04EC0-301F-11D3-BF4B-00C04F79EFBC}") = "CrudE", "CrudE\CrudE.csproj", "{A5A578A9-4AEC-4212-81E2-AA6FC5E279A7}"
EndProject
Project("{FAE04EC0-301F-11D3-BF4B-00C04F79EFBC}") = "CrudE.Data", "CrudE.Data\CrudE.Data.csproj", "{2F2BB359-EB2D-4937-944E-DC81ED4229CD}"
EndProject
Global
	GlobalSection(SolutionConfigurationPlatforms) = preSolution
		Debug|Any CPU = Debug|Any CPU
		Release|Any CPU = Release|Any CPU
	EndGlobalSection
	GlobalSection(ProjectConfigurationPlatforms) = postSolution
		{A5A578A9-4AEC-4212-81E2-AA6FC5E279A7}.Debug|Any CPU.ActiveCfg = Debug|Any CPU
		{A5A578A9-4AEC-4212-81E2-AA6FC5E279A7}.Debug|Any CPU.Build.0 = Debug|Any CPU
		{A5A578A9-4AEC-4212-81E2-AA6FC5E279A7}.Release|Any CPU.ActiveCfg = Release|Any CPU
		{A5A578A9-4AEC-4212-81E2-AA6FC5E279A7}.Release|Any CPU.Build.0 = Release|Any CPU
		{2F2BB359-EB2D-4937-944E-DC81ED4229CD}.Debug|Any CPU.ActiveCfg = Debug|Any CPU
		{2F2BB359-EB2D-4937-944E-DC81ED4229CD}.Debug|Any CPU.Build.0 = Debug|Any CPU
		{2F2BB359-EB2D-4937-944E-DC81ED4229CD}.Release|Any CPU.ActiveCfg = Release|Any CPU
		{2F2BB359-EB2D-4937-944E-DC81ED4229CD}.Release|Any CPU.Build.0 = Release|Any CPU
	EndGlobalSection
	GlobalSection(SolutionProperties) = preSolution
		HideSolutionNode = FALSE
	EndGlobalSection
	GlobalSection(ExtensibilityGlobals) = postSolution
		SolutionGuid = {E09A21AE-4F62-4748-B531-90D580E7C276}
	EndGlobalSection
EndGlobal
